# THIS IS AN AUTOGENERATED FILE. DO NOT EDIT THIS FILE DIRECTLY.
# yarn lockfile v1


bn.js@^4.11.8:
  version "4.11.8"
  resolved "https://registry.yarnpkg.com/bn.js/-/bn.js-4.11.8.tgz#2cde09eb5ee341f484746bb0309b3253b1b1442f"
  integrity sha512-ItfYfPLkWHUjckQCk8xC+LwxgK8NYcXywGigJgSwOP8Y2iyWT4f2vsZnoOXTTbo+o5yXmIUJ4gn5538SO5S3gA==

commander@^5.0.0:
  version "5.0.0"
  resolved "https://registry.yarnpkg.com/commander/-/commander-5.0.0.tgz#dbf1909b49e5044f8fdaf0adc809f0c0722bdfd0"
  integrity sha512-JrDGPAKjMGSP1G0DUoaceEJ3DZgAfr/q6X7FVk4+U5KxUSKviYGM2k6zWkfyyBHy5rAtzgYJFa1ro2O9PtoxwQ==

fibonacci@^1.6.7:
  version "1.6.7"
  resolved "https://registry.yarnpkg.com/fibonacci/-/fibonacci-1.6.7.tgz#9b5eae3bafb2d1936f5c782196fff8ffa5a31bb7"
  integrity sha512-nVgSm9CiotuqZCQmi+fLqhZIDlLihBOfheKt41KaOym1oH1GZo4IsW9EG2x94u92wRcQYiXgBbplbpjAdo1Uxw==
  dependencies:
    bn.js "^4.11.8"

moment@^2.24.0:
  version "2.24.0"
  resolved "https://registry.yarnpkg.com/moment/-/moment-2.24.0.tgz#0d055d53f5052aa653c9f6eb68bb5d12bf5c2b5b"
  integrity sha512-bV7f+6l2QigeBBZSM/6yTNq4P2fNpSWj/0e7jQcy87A8e7o2nAfP/34/2ky5Vw4B9S446EtIhodAzkFCcR4dQg==

mute-stream@~0.0.4:
  version "0.0.8"
  resolved "https://registry.yarnpkg.com/mute-stream/-/mute-stream-0.0.8.tgz#1630c42b2251ff81e2a283de96a5497ea92e5e0d"
  integrity sha512-nnbWWOkoWyUsTjKrhgD0dcz22mdkSnpYqbEjIm2nhwhuxlSkpywJmBo8h0ZqJdkp73mb90SssHkN4rsRaBAfAA==

pify@^3.0.0:
  version "3.0.0"
  resolved "https://registry.yarnpkg.com/pify/-/pify-3.0.0.tgz#e5a4acd2c101fdf3d9a4d07f0dbc4db49dd28176"
  integrity sha1-5aSs0sEB/fPZpNB/DbxNtJ3SgXY=

promptly@^3.0.3:
  version "3.0.3"
  resolved "https://registry.yarnpkg.com/promptly/-/promptly-3.0.3.tgz#e178f722e73d82c60d019462044bccfdd9872f42"
  integrity sha512-EWnzOsxVKUjqKeE6SStH1/cO4+DE44QolaoJ4ojGd9z6pcNkpgfJKr1ncwxrOFHSTIzoudo7jG8y0re30/LO1g==
  dependencies:
    pify "^3.0.0"
    read "^1.0.4"

read@^1.0.4:
  version "1.0.7"
  resolved "https://registry.yarnpkg.com/read/-/read-1.0.7.tgz#b3da19bd052431a97671d44a42634adf710b40c4"
  integrity sha1-s9oZvQUkMal2cdRKQmNK33ELQMQ=
  dependencies:
    mute-stream "~0.0.4"
